
Microsoft Visual Studio Solution File, Format Version 12.00
# Visual Studio 15
VisualStudioVersion = 15.0.27130.2020
MinimumVisualStudioVersion = 10.0.40219.1
Project("{FAE04EC0-301F-11D3-BF4B-00C04F79EFBC}") = "IntelliCG", "IntelliCG\IntelliCG.csproj", "{294FF320-6308-44E9-98FB-823DAFF5227F}"
EndProject
Project("{FAE04EC0-301F-11D3-BF4B-00C04F79EFBC}") = "MemoLib", "Memo\MemoLib.csproj", "{BC3F87E3-83B6-4469-B8F8-99E724D3CF66}"
EndProject
Project("{FAE04EC0-301F-11D3-BF4B-00C04F79EFBC}") = "CgData", "CgData\CgData.csproj", "{CABEBF5C-2F0C-4125-9329-9FCA55FE7391}"
EndProject
Project("{FAE04EC0-301F-11D3-BF4B-00C04F79EFBC}") = "StallReader", "StallReader\StallReader.csproj", "{02EEC356-117F-4F2B-BFE7-4C5BD924BFB8}"
EndProject
Global
	GlobalSection(SolutionConfigurationPlatforms) = preSolution
		Debug|Any CPU = Debug|Any CPU
		Debug|x64 = Debug|x64
		Debug|x86 = Debug|x86
		Release|Any CPU = Release|Any CPU
		Release|x64 = Release|x64
		Release|x86 = Release|x86
	EndGlobalSection
	GlobalSection(ProjectConfigurationPlatforms) = postSolution
		{294FF320-6308-44E9-98FB-823DAFF5227F}.Debug|Any CPU.ActiveCfg = Debug|Any CPU
		{294FF320-6308-44E9-98FB-823DAFF5227F}.Debug|Any CPU.Build.0 = Debug|Any CPU
		{294FF320-6308-44E9-98FB-823DAFF5227F}.Debug|x64.ActiveCfg = Debug|Any CPU
		{294FF320-6308-44E9-98FB-823DAFF5227F}.Debug|x64.Build.0 = Debug|Any CPU
		{294FF320-6308-44E9-98FB-823DAFF5227F}.Debug|x86.ActiveCfg = Debug|Any CPU
		{294FF320-6308-44E9-98FB-823DAFF5227F}.Debug|x86.Build.0 = Debug|Any CPU
		{294FF320-6308-44E9-98FB-823DAFF5227F}.Release|Any CPU.ActiveCfg = Release|Any CPU
		{294FF320-6308-44E9-98FB-823DAFF5227F}.Release|Any CPU.Build.0 = Release|Any CPU
		{294FF320-6308-44E9-98FB-823DAFF5227F}.Release|x64.ActiveCfg = Release|Any CPU
		{294FF320-6308-44E9-98FB-823DAFF5227F}.Release|x64.Build.0 = Release|Any CPU
		{294FF320-6308-44E9-98FB-823DAFF5227F}.Release|x86.ActiveCfg = Release|Any CPU
		{294FF320-6308-44E9-98FB-823DAFF5227F}.Release|x86.Build.0 = Release|Any CPU
		{BC3F87E3-83B6-4469-B8F8-99E724D3CF66}.Debug|Any CPU.ActiveCfg = Debug|Any CPU
		{BC3F87E3-83B6-4469-B8F8-99E724D3CF66}.Debug|Any CPU.Build.0 = Debug|Any CPU
		{BC3F87E3-83B6-4469-B8F8-99E724D3CF66}.Debug|x64.ActiveCfg = Debug|Any CPU
		{BC3F87E3-83B6-4469-B8F8-99E724D3CF66}.Debug|x64.Build.0 = Debug|Any CPU
		{BC3F87E3-83B6-4469-B8F8-99E724D3CF66}.Debug|x86.ActiveCfg = Debug|Any CPU
		{BC3F87E3-83B6-4469-B8F8-99E724D3CF66}.Debug|x86.Build.0 = Debug|Any CPU
		{BC3F87E3-83B6-4469-B8F8-99E724D3CF66}.Release|Any CPU.ActiveCfg = Release|Any CPU
		{BC3F87E3-83B6-4469-B8F8-99E724D3CF66}.Release|Any CPU.Build.0 = Release|Any CPU
		{BC3F87E3-83B6-4469-B8F8-99E724D3CF66}.Release|x64.ActiveCfg = Release|Any CPU
		{BC3F87E3-83B6-4469-B8F8-99E724D3CF66}.Release|x64.Build.0 = Release|Any CPU
		{BC3F87E3-83B6-4469-B8F8-99E724D3CF66}.Release|x86.ActiveCfg = Release|Any CPU
		{BC3F87E3-83B6-4469-B8F8-99E724D3CF66}.Release|x86.Build.0 = Release|Any CPU
		{CABEBF5C-2F0C-4125-9329-9FCA55FE7391}.Debug|Any CPU.ActiveCfg = Debug|Any CPU
		{CABEBF5C-2F0C-4125-9329-9FCA55FE7391}.Debug|Any CPU.Build.0 = Debug|Any CPU
		{CABEBF5C-2F0C-4125-9329-9FCA55FE7391}.Debug|x64.ActiveCfg = Debug|Any CPU
		{CABEBF5C-2F0C-4125-9329-9FCA55FE7391}.Debug|x64.Build.0 = Debug|Any CPU
		{CABEBF5C-2F0C-4125-9329-9FCA55FE7391}.Debug|x86.ActiveCfg = Debug|Any CPU
		{CABEBF5C-2F0C-4125-9329-9FCA55FE7391}.Debug|x86.Build.0 = Debug|Any CPU
		{CABEBF5C-2F0C-4125-9329-9FCA55FE7391}.Release|Any CPU.ActiveCfg = Release|Any CPU
		{CABEBF5C-2F0C-4125-9329-9FCA55FE7391}.Release|Any CPU.Build.0 = Release|Any CPU
		{CABEBF5C-2F0C-4125-9329-9FCA55FE7391}.Release|x64.ActiveCfg = Release|Any CPU
		{CABEBF5C-2F0C-4125-9329-9FCA55FE7391}.Release|x64.Build.0 = Release|Any CPU
		{CABEBF5C-2F0C-4125-9329-9FCA55FE7391}.Release|x86.ActiveCfg = Release|Any CPU
		{CABEBF5C-2F0C-4125-9329-9FCA55FE7391}.Release|x86.Build.0 = Release|Any CPU
		{02EEC356-117F-4F2B-BFE7-4C5BD924BFB8}.Debug|Any CPU.ActiveCfg = Debug|Any CPU
		{02EEC356-117F-4F2B-BFE7-4C5BD924BFB8}.Debug|Any CPU.Build.0 = Debug|Any CPU
		{02EEC356-117F-4F2B-BFE7-4C5BD924BFB8}.Debug|x64.ActiveCfg = Debug|Any CPU
		{02EEC356-117F-4F2B-BFE7-4C5BD924BFB8}.Debug|x64.Build.0 = Debug|Any CPU
		{02EEC356-117F-4F2B-BFE7-4C5BD924BFB8}.Debug|x86.ActiveCfg = Debug|Any CPU
		{02EEC356-117F-4F2B-BFE7-4C5BD924BFB8}.Debug|x86.Build.0 = Debug|Any CPU
		{02EEC356-117F-4F2B-BFE7-4C5BD924BFB8}.Release|Any CPU.ActiveCfg = Release|Any CPU
		{02EEC356-117F-4F2B-BFE7-4C5BD924BFB8}.Release|Any CPU.Build.0 = Release|Any CPU
		{02EEC356-117F-4F2B-BFE7-4C5BD924BFB8}.Release|x64.ActiveCfg = Release|Any CPU
		{02EEC356-117F-4F2B-BFE7-4C5BD924BFB8}.Release|x64.Build.0 = Release|Any CPU
		{02EEC356-117F-4F2B-BFE7-4C5BD924BFB8}.Release|x86.ActiveCfg = Release|Any CPU
		{02EEC356-117F-4F2B-BFE7-4C5BD924BFB8}.Release|x86.Build.0 = Release|Any CPU
	EndGlobalSection
	GlobalSection(SolutionProperties) = preSolution
		HideSolutionNode = FALSE
	EndGlobalSection
	GlobalSection(ExtensibilityGlobals) = postSolution
		SolutionGuid = {3581C51B-0AAF-47C3-BB33-193984F03EB1}
	EndGlobalSection
EndGlobal
